
Microsoft Visual Studio Solution File, Format Version 12.00
# Visual Studio Version 16
VisualStudioVersion = 16.0.30517.126
MinimumVisualStudioVersion = 10.0.40219.1
Project("{FAE04EC0-301F-11D3-BF4B-00C04F79EFBC}") = "ChatbotWebClient", "ChatbotWebClient.csproj", "{9DBAB5D2-5EAC-4827-9679-8CDF8D3B386B}"
EndProject
Global
	GlobalSection(SolutionConfigurationPlatforms) = preSolution
		Debug|Any CPU = Debug|Any CPU
		Release|Any CPU = Release|Any CPU
	EndGlobalSection
	GlobalSection(ProjectConfigurationPlatforms) = postSolution
		{9DBAB5D2-5EAC-4827-9679-8CDF8D3B386B}.Debug|Any CPU.ActiveCfg = Debug|Any CPU
		{9DBAB5D2-5EAC-4827-9679-8CDF8D3B386B}.Debug|Any CPU.Build.0 = Debug|Any CPU
		{9DBAB5D2-5EAC-4827-9679-8CDF8D3B386B}.Release|Any CPU.ActiveCfg = Release|Any CPU
		{9DBAB5D2-5EAC-4827-9679-8CDF8D3B386B}.Release|Any CPU.Build.0 = Release|Any CPU
	EndGlobalSection
	GlobalSection(SolutionProperties) = preSolution
		HideSolutionNode = FALSE
	EndGlobalSection
	GlobalSection(ExtensibilityGlobals) = postSolution
		SolutionGuid = {14439153-8609-4E8E-B1B1-D63ACB19DC19}
	EndGlobalSection
EndGlobal
