
Microsoft Visual Studio Solution File, Format Version 12.00
# Visual Studio Version 16
VisualStudioVersion = 16.0.30517.126
MinimumVisualStudioVersion = 10.0.40219.1
Project("{FAE04EC0-301F-11D3-BF4B-00C04F79EFBC}") = "DirectLineTokenFunctions", "DirectLineTokenFunctions.csproj", "{835172C0-8920-4B42-8A0A-E8D35A95A612}"
EndProject
Global
	GlobalSection(SolutionConfigurationPlatforms) = preSolution
		Debug|Any CPU = Debug|Any CPU
		Release|Any CPU = Release|Any CPU
	EndGlobalSection
	GlobalSection(ProjectConfigurationPlatforms) = postSolution
		{835172C0-8920-4B42-8A0A-E8D35A95A612}.Debug|Any CPU.ActiveCfg = Debug|Any CPU
		{835172C0-8920-4B42-8A0A-E8D35A95A612}.Debug|Any CPU.Build.0 = Debug|Any CPU
		{835172C0-8920-4B42-8A0A-E8D35A95A612}.Release|Any CPU.ActiveCfg = Release|Any CPU
		{835172C0-8920-4B42-8A0A-E8D35A95A612}.Release|Any CPU.Build.0 = Release|Any CPU
	EndGlobalSection
	GlobalSection(SolutionProperties) = preSolution
		HideSolutionNode = FALSE
	EndGlobalSection
	GlobalSection(ExtensibilityGlobals) = postSolution
		SolutionGuid = {043B0314-94D5-4D09-BE5C-F9AF830AC292}
	EndGlobalSection
EndGlobal
